
Microsoft Visual Studio Solution File, Format Version 11.00
# Visual Studio 2010
Project("{FAE04EC0-301F-11D3-BF4B-00C04F79EFBC}") = "AutoDiff", "AutoDiff\AutoDiff.csproj", "{62551FD3-C21F-4E16-A7FC-6A017508809C}"
EndProject
Project("{FAE04EC0-301F-11D3-BF4B-00C04F79EFBC}") = "AutoDiff.Tests", "AutoDiff.Tests\AutoDiff.Tests.csproj", "{9FF7AEC5-8033-49FC-BF15-1F89DA356407}"
EndProject
Project("{2150E333-8FDC-42A3-9474-1A3956D46DE8}") = "Solution Items", "Solution Items", "{97E8B558-DB43-4921-8F78-8E48A39F73B4}"
	ProjectSection(SolutionItems) = preProject
		AutoDiff.vsmdi = AutoDiff.vsmdi
		Local.testsettings = Local.testsettings
		TraceAndTestImpact.testsettings = TraceAndTestImpact.testsettings
	EndProjectSection
EndProject
Project("{2150E333-8FDC-42A3-9474-1A3956D46DE8}") = "Samples", "Samples", "{D10A6773-BE15-4A1F-97BD-8B3DCDB82846}"
EndProject
Project("{FAE04EC0-301F-11D3-BF4B-00C04F79EFBC}") = "HelloAutoDiff", "Samples\HelloAutoDiff\HelloAutoDiff.csproj", "{2127FB51-C9DC-4093-844E-E86130D48B45}"
EndProject
Project("{FAE04EC0-301F-11D3-BF4B-00C04F79EFBC}") = "NewtonRaphsonSample", "Samples\NewtonRaphsonSample\NewtonRaphsonSample.csproj", "{73354289-B1A6-4BD1-B2A0-C29F1426C721}"
EndProject
Project("{FAE04EC0-301F-11D3-BF4B-00C04F79EFBC}") = "AutoDiff.PerfTest", "AutoDiff.PerfTest\AutoDiff.PerfTest.csproj", "{DA95DA67-9E06-4D6F-A7A1-EDD44B57272F}"
EndProject
Project("{FAE04EC0-301F-11D3-BF4B-00C04F79EFBC}") = "AdvancedHelloAutodiff", "Samples\AdvancedHelloAutodiff\AdvancedHelloAutodiff.csproj", "{4D1E2E14-9726-421F-AF6E-698C93EE5DBA}"
EndProject
Project("{2150E333-8FDC-42A3-9474-1A3956D46DE8}") = "NuGet", "NuGet", "{1E440812-986E-4DA8-8176-5171E2FE4C51}"
	ProjectSection(SolutionItems) = preProject
		NuGet\AutoDiff.0.3.4131.19185.nupkg = NuGet\AutoDiff.0.3.4131.19185.nupkg
	EndProjectSection
EndProject
Global
	GlobalSection(TeamFoundationVersionControl) = preSolution
		SccNumberOfProjects = 7
		SccEnterpriseProvider = {4CA58AB2-18FA-4F8D-95D4-32DDF27D184C}
		SccTeamFoundationServer = https://tfs.codeplex.com/tfs/tfs15
		SccLocalPath0 = .
		SccProjectUniqueName1 = AutoDiff\\AutoDiff.csproj
		SccProjectName1 = AutoDiff
		SccLocalPath1 = AutoDiff
		SccProjectUniqueName2 = AutoDiff.Tests\\AutoDiff.Tests.csproj
		SccProjectName2 = AutoDiff.Tests
		SccLocalPath2 = AutoDiff.Tests
		SccProjectUniqueName3 = Samples\\HelloAutoDiff\\HelloAutoDiff.csproj
		SccProjectTopLevelParentUniqueName3 = AutoDiff.sln
		SccProjectName3 = Samples/HelloAutoDiff
		SccLocalPath3 = Samples\\HelloAutoDiff
		SccProjectUniqueName4 = Samples\\NewtonRaphsonSample\\NewtonRaphsonSample.csproj
		SccProjectTopLevelParentUniqueName4 = AutoDiff.sln
		SccProjectName4 = Samples/NewtonRaphsonSample
		SccLocalPath4 = Samples\\NewtonRaphsonSample
		SccProjectUniqueName5 = AutoDiff.PerfTest\\AutoDiff.PerfTest.csproj
		SccProjectName5 = AutoDiff.PerfTest
		SccLocalPath5 = AutoDiff.PerfTest
		SccProjectUniqueName6 = Samples\\AdvancedHelloAutodiff\\AdvancedHelloAutodiff.csproj
		SccProjectTopLevelParentUniqueName6 = AutoDiff.sln
		SccProjectName6 = Samples/AdvancedHelloAutodiff
		SccLocalPath6 = Samples\\AdvancedHelloAutodiff
	EndGlobalSection
	GlobalSection(TestCaseManagementSettings) = postSolution
		CategoryFile = AutoDiff.vsmdi
	EndGlobalSection
	GlobalSection(SolutionConfigurationPlatforms) = preSolution
		Debug|Any CPU = Debug|Any CPU
		Debug|Mixed Platforms = Debug|Mixed Platforms
		Debug|x86 = Debug|x86
		Release|Any CPU = Release|Any CPU
		Release|Mixed Platforms = Release|Mixed Platforms
		Release|x86 = Release|x86
	EndGlobalSection
	GlobalSection(ProjectConfigurationPlatforms) = postSolution
		{62551FD3-C21F-4E16-A7FC-6A017508809C}.Debug|Any CPU.ActiveCfg = Debug|Any CPU
		{62551FD3-C21F-4E16-A7FC-6A017508809C}.Debug|Any CPU.Build.0 = Debug|Any CPU
		{62551FD3-C21F-4E16-A7FC-6A017508809C}.Debug|Mixed Platforms.ActiveCfg = Debug|Any CPU
		{62551FD3-C21F-4E16-A7FC-6A017508809C}.Debug|Mixed Platforms.Build.0 = Debug|Any CPU
		{62551FD3-C21F-4E16-A7FC-6A017508809C}.Debug|x86.ActiveCfg = Debug|Any CPU
		{62551FD3-C21F-4E16-A7FC-6A017508809C}.Release|Any CPU.ActiveCfg = Release|Any CPU
		{62551FD3-C21F-4E16-A7FC-6A017508809C}.Release|Any CPU.Build.0 = Release|Any CPU
		{62551FD3-C21F-4E16-A7FC-6A017508809C}.Release|Mixed Platforms.ActiveCfg = Release|Any CPU
		{62551FD3-C21F-4E16-A7FC-6A017508809C}.Release|Mixed Platforms.Build.0 = Release|Any CPU
		{62551FD3-C21F-4E16-A7FC-6A017508809C}.Release|x86.ActiveCfg = Release|Any CPU
		{9FF7AEC5-8033-49FC-BF15-1F89DA356407}.Debug|Any CPU.ActiveCfg = Debug|Any CPU
		{9FF7AEC5-8033-49FC-BF15-1F89DA356407}.Debug|Any CPU.Build.0 = Debug|Any CPU
		{9FF7AEC5-8033-49FC-BF15-1F89DA356407}.Debug|Mixed Platforms.ActiveCfg = Debug|Any CPU
		{9FF7AEC5-8033-49FC-BF15-1F89DA356407}.Debug|Mixed Platforms.Build.0 = Debug|Any CPU
		{9FF7AEC5-8033-49FC-BF15-1F89DA356407}.Debug|x86.ActiveCfg = Debug|Any CPU
		{9FF7AEC5-8033-49FC-BF15-1F89DA356407}.Release|Any CPU.ActiveCfg = Release|Any CPU
		{9FF7AEC5-8033-49FC-BF15-1F89DA356407}.Release|Any CPU.Build.0 = Release|Any CPU
		{9FF7AEC5-8033-49FC-BF15-1F89DA356407}.Release|Mixed Platforms.ActiveCfg = Release|Any CPU
		{9FF7AEC5-8033-49FC-BF15-1F89DA356407}.Release|Mixed Platforms.Build.0 = Release|Any CPU
		{9FF7AEC5-8033-49FC-BF15-1F89DA356407}.Release|x86.ActiveCfg = Release|Any CPU
		{2127FB51-C9DC-4093-844E-E86130D48B45}.Debug|Any CPU.ActiveCfg = Debug|x86
		{2127FB51-C9DC-4093-844E-E86130D48B45}.Debug|Mixed Platforms.ActiveCfg = Debug|x86
		{2127FB51-C9DC-4093-844E-E86130D48B45}.Debug|Mixed Platforms.Build.0 = Debug|x86
		{2127FB51-C9DC-4093-844E-E86130D48B45}.Debug|x86.ActiveCfg = Debug|x86
		{2127FB51-C9DC-4093-844E-E86130D48B45}.Debug|x86.Build.0 = Debug|x86
		{2127FB51-C9DC-4093-844E-E86130D48B45}.Release|Any CPU.ActiveCfg = Release|x86
		{2127FB51-C9DC-4093-844E-E86130D48B45}.Release|Mixed Platforms.ActiveCfg = Release|x86
		{2127FB51-C9DC-4093-844E-E86130D48B45}.Release|Mixed Platforms.Build.0 = Release|x86
		{2127FB51-C9DC-4093-844E-E86130D48B45}.Release|x86.ActiveCfg = Release|x86
		{2127FB51-C9DC-4093-844E-E86130D48B45}.Release|x86.Build.0 = Release|x86
		{73354289-B1A6-4BD1-B2A0-C29F1426C721}.Debug|Any CPU.ActiveCfg = Debug|x86
		{73354289-B1A6-4BD1-B2A0-C29F1426C721}.Debug|Mixed Platforms.ActiveCfg = Debug|x86
		{73354289-B1A6-4BD1-B2A0-C29F1426C721}.Debug|Mixed Platforms.Build.0 = Debug|x86
		{73354289-B1A6-4BD1-B2A0-C29F1426C721}.Debug|x86.ActiveCfg = Debug|x86
		{73354289-B1A6-4BD1-B2A0-C29F1426C721}.Debug|x86.Build.0 = Debug|x86
		{73354289-B1A6-4BD1-B2A0-C29F1426C721}.Release|Any CPU.ActiveCfg = Release|x86
		{73354289-B1A6-4BD1-B2A0-C29F1426C721}.Release|Mixed Platforms.ActiveCfg = Release|x86
		{73354289-B1A6-4BD1-B2A0-C29F1426C721}.Release|Mixed Platforms.Build.0 = Release|x86
		{73354289-B1A6-4BD1-B2A0-C29F1426C721}.Release|x86.ActiveCfg = Release|x86
		{73354289-B1A6-4BD1-B2A0-C29F1426C721}.Release|x86.Build.0 = Release|x86
		{DA95DA67-9E06-4D6F-A7A1-EDD44B57272F}.Debug|Any CPU.ActiveCfg = Debug|x86
		{DA95DA67-9E06-4D6F-A7A1-EDD44B57272F}.Debug|Mixed Platforms.ActiveCfg = Debug|x86
		{DA95DA67-9E06-4D6F-A7A1-EDD44B57272F}.Debug|Mixed Platforms.Build.0 = Debug|x86
		{DA95DA67-9E06-4D6F-A7A1-EDD44B57272F}.Debug|x86.ActiveCfg = Debug|x86
		{DA95DA67-9E06-4D6F-A7A1-EDD44B57272F}.Debug|x86.Build.0 = Debug|x86
		{DA95DA67-9E06-4D6F-A7A1-EDD44B57272F}.Release|Any CPU.ActiveCfg = Release|x86
		{DA95DA67-9E06-4D6F-A7A1-EDD44B57272F}.Release|Mixed Platforms.ActiveCfg = Release|x86
		{DA95DA67-9E06-4D6F-A7A1-EDD44B57272F}.Release|Mixed Platforms.Build.0 = Release|x86
		{DA95DA67-9E06-4D6F-A7A1-EDD44B57272F}.Release|x86.ActiveCfg = Release|x86
		{DA95DA67-9E06-4D6F-A7A1-EDD44B57272F}.Release|x86.Build.0 = Release|x86
		{4D1E2E14-9726-421F-AF6E-698C93EE5DBA}.Debug|Any CPU.ActiveCfg = Debug|x86
		{4D1E2E14-9726-421F-AF6E-698C93EE5DBA}.Debug|Mixed Platforms.ActiveCfg = Debug|x86
		{4D1E2E14-9726-421F-AF6E-698C93EE5DBA}.Debug|Mixed Platforms.Build.0 = Debug|x86
		{4D1E2E14-9726-421F-AF6E-698C93EE5DBA}.Debug|x86.ActiveCfg = Debug|x86
		{4D1E2E14-9726-421F-AF6E-698C93EE5DBA}.Debug|x86.Build.0 = Debug|x86
		{4D1E2E14-9726-421F-AF6E-698C93EE5DBA}.Release|Any CPU.ActiveCfg = Release|x86
		{4D1E2E14-9726-421F-AF6E-698C93EE5DBA}.Release|Mixed Platforms.ActiveCfg = Release|x86
		{4D1E2E14-9726-421F-AF6E-698C93EE5DBA}.Release|Mixed Platforms.Build.0 = Release|x86
		{4D1E2E14-9726-421F-AF6E-698C93EE5DBA}.Release|x86.ActiveCfg = Release|x86
		{4D1E2E14-9726-421F-AF6E-698C93EE5DBA}.Release|x86.Build.0 = Release|x86
	EndGlobalSection
	GlobalSection(SolutionProperties) = preSolution
		HideSolutionNode = FALSE
	EndGlobalSection
	GlobalSection(NestedProjects) = preSolution
		{2127FB51-C9DC-4093-844E-E86130D48B45} = {D10A6773-BE15-4A1F-97BD-8B3DCDB82846}
		{73354289-B1A6-4BD1-B2A0-C29F1426C721} = {D10A6773-BE15-4A1F-97BD-8B3DCDB82846}
		{4D1E2E14-9726-421F-AF6E-698C93EE5DBA} = {D10A6773-BE15-4A1F-97BD-8B3DCDB82846}
	EndGlobalSection
EndGlobal
