
Microsoft Visual Studio Solution File, Format Version 12.00
# Visual Studio 15
VisualStudioVersion = 15.0.26124.0
MinimumVisualStudioVersion = 15.0.26124.0
Project("{2150E333-8FDC-42A3-9474-1A3956D46DE8}") = "Core", "Core", "{CF904D1F-CDE6-46FF-B4DD-3785FCD49C74}"
EndProject
Project("{FAE04EC0-301F-11D3-BF4B-00C04F79EFBC}") = "AutoDiff", "Core\AutoDiff\AutoDiff.csproj", "{BDB1917D-86E0-4F44-AC27-1D9D3053C494}"
EndProject
Project("{FAE04EC0-301F-11D3-BF4B-00C04F79EFBC}") = "AutoDiff.Tests", "Core\AutoDiff.Tests\AutoDiff.Tests.csproj", "{93498249-F5ED-49FC-8186-F4939671E493}"
EndProject
Global
	GlobalSection(SolutionConfigurationPlatforms) = preSolution
		Debug|Any CPU = Debug|Any CPU
		Debug|x64 = Debug|x64
		Debug|x86 = Debug|x86
		Release|Any CPU = Release|Any CPU
		Release|x64 = Release|x64
		Release|x86 = Release|x86
	EndGlobalSection
	GlobalSection(SolutionProperties) = preSolution
		HideSolutionNode = FALSE
	EndGlobalSection
	GlobalSection(ProjectConfigurationPlatforms) = postSolution
		{BDB1917D-86E0-4F44-AC27-1D9D3053C494}.Debug|Any CPU.ActiveCfg = Debug|Any CPU
		{BDB1917D-86E0-4F44-AC27-1D9D3053C494}.Debug|Any CPU.Build.0 = Debug|Any CPU
		{BDB1917D-86E0-4F44-AC27-1D9D3053C494}.Debug|x64.ActiveCfg = Debug|x64
		{BDB1917D-86E0-4F44-AC27-1D9D3053C494}.Debug|x64.Build.0 = Debug|x64
		{BDB1917D-86E0-4F44-AC27-1D9D3053C494}.Debug|x86.ActiveCfg = Debug|x86
		{BDB1917D-86E0-4F44-AC27-1D9D3053C494}.Debug|x86.Build.0 = Debug|x86
		{BDB1917D-86E0-4F44-AC27-1D9D3053C494}.Release|Any CPU.ActiveCfg = Release|Any CPU
		{BDB1917D-86E0-4F44-AC27-1D9D3053C494}.Release|Any CPU.Build.0 = Release|Any CPU
		{BDB1917D-86E0-4F44-AC27-1D9D3053C494}.Release|x64.ActiveCfg = Release|x64
		{BDB1917D-86E0-4F44-AC27-1D9D3053C494}.Release|x64.Build.0 = Release|x64
		{BDB1917D-86E0-4F44-AC27-1D9D3053C494}.Release|x86.ActiveCfg = Release|x86
		{BDB1917D-86E0-4F44-AC27-1D9D3053C494}.Release|x86.Build.0 = Release|x86
		{93498249-F5ED-49FC-8186-F4939671E493}.Debug|Any CPU.ActiveCfg = Debug|Any CPU
		{93498249-F5ED-49FC-8186-F4939671E493}.Debug|Any CPU.Build.0 = Debug|Any CPU
		{93498249-F5ED-49FC-8186-F4939671E493}.Debug|x64.ActiveCfg = Debug|x64
		{93498249-F5ED-49FC-8186-F4939671E493}.Debug|x64.Build.0 = Debug|x64
		{93498249-F5ED-49FC-8186-F4939671E493}.Debug|x86.ActiveCfg = Debug|x86
		{93498249-F5ED-49FC-8186-F4939671E493}.Debug|x86.Build.0 = Debug|x86
		{93498249-F5ED-49FC-8186-F4939671E493}.Release|Any CPU.ActiveCfg = Release|Any CPU
		{93498249-F5ED-49FC-8186-F4939671E493}.Release|Any CPU.Build.0 = Release|Any CPU
		{93498249-F5ED-49FC-8186-F4939671E493}.Release|x64.ActiveCfg = Release|x64
		{93498249-F5ED-49FC-8186-F4939671E493}.Release|x64.Build.0 = Release|x64
		{93498249-F5ED-49FC-8186-F4939671E493}.Release|x86.ActiveCfg = Release|x86
		{93498249-F5ED-49FC-8186-F4939671E493}.Release|x86.Build.0 = Release|x86
	EndGlobalSection
	GlobalSection(NestedProjects) = preSolution
		{BDB1917D-86E0-4F44-AC27-1D9D3053C494} = {CF904D1F-CDE6-46FF-B4DD-3785FCD49C74}
		{93498249-F5ED-49FC-8186-F4939671E493} = {CF904D1F-CDE6-46FF-B4DD-3785FCD49C74}
	EndGlobalSection
EndGlobal
