
Microsoft Visual Studio Solution File, Format Version 12.00
# Visual Studio 15
VisualStudioVersion = 15.0.26124.0
MinimumVisualStudioVersion = 15.0.26124.0
Project("{2150E333-8FDC-42A3-9474-1A3956D46DE8}") = "Core", "Core", "{CF904D1F-CDE6-46FF-B4DD-3785FCD49C74}"
EndProject
Project("{FAE04EC0-301F-11D3-BF4B-00C04F79EFBC}") = "AutoDiff", "Core\AutoDiff\AutoDiff.csproj", "{BDB1917D-86E0-4F44-AC27-1D9D3053C494}"
EndProject
Project("{FAE04EC0-301F-11D3-BF4B-00C04F79EFBC}") = "AutoDiff.Tests", "Core\AutoDiff.Tests\AutoDiff.Tests.csproj", "{93498249-F5ED-49FC-8186-F4939671E493}"
EndProject
Project("{FAE04EC0-301F-11D3-BF4B-00C04F79EFBC}") = "AutodiffBenchmark", "Core\AutodiffBenchmark\AutodiffBenchmark.csproj", "{6F518099-1E67-40FB-B47C-A39772D344CD}"
EndProject
Project("{2150E333-8FDC-42A3-9474-1A3956D46DE8}") = "Samples", "Samples", "{72BA39F1-0DCD-4772-A10F-45699AA785AD}"
EndProject
Project("{FAE04EC0-301F-11D3-BF4B-00C04F79EFBC}") = "HelloAutoDiff", "Samples\HelloAutoDiff\HelloAutoDiff.csproj", "{25266AB1-CB10-4729-A617-C3869EF2EFC6}"
EndProject
Project("{FAE04EC0-301F-11D3-BF4B-00C04F79EFBC}") = "AdvancedHelloAutodiff", "Samples\AdvancedHelloAutodiff\AdvancedHelloAutodiff.csproj", "{599B0AF0-93D3-452C-9722-9D51F7A28206}"
EndProject
Project("{FAE04EC0-301F-11D3-BF4B-00C04F79EFBC}") = "GradientDescentSample", "Samples\GradientDescentSample\GradientDescentSample.csproj", "{C95C7D91-4909-41FB-A985-BDE0C5C4C4C9}"
EndProject
Project("{FAE04EC0-301F-11D3-BF4B-00C04F79EFBC}") = "NewtonRaphsonSample", "Samples\NewtonRaphsonSample\NewtonRaphsonSample.csproj", "{4583524B-9B70-47C5-9681-04F50104A509}"
EndProject
Project("{FAE04EC0-301F-11D3-BF4B-00C04F79EFBC}") = "UserDefinedFunctions", "Samples\UserDefinedFunctions\UserDefinedFunctions.csproj", "{743C5578-955A-4D2E-94F2-3DC647076F24}"
EndProject
Global
	GlobalSection(SolutionConfigurationPlatforms) = preSolution
		Debug|Any CPU = Debug|Any CPU
		Release|Any CPU = Release|Any CPU
	EndGlobalSection
	GlobalSection(SolutionProperties) = preSolution
		HideSolutionNode = FALSE
	EndGlobalSection
	GlobalSection(ProjectConfigurationPlatforms) = postSolution
		{BDB1917D-86E0-4F44-AC27-1D9D3053C494}.Debug|Any CPU.ActiveCfg = Debug|Any CPU
		{BDB1917D-86E0-4F44-AC27-1D9D3053C494}.Debug|Any CPU.Build.0 = Debug|Any CPU
		{BDB1917D-86E0-4F44-AC27-1D9D3053C494}.Release|Any CPU.ActiveCfg = Release|Any CPU
		{BDB1917D-86E0-4F44-AC27-1D9D3053C494}.Release|Any CPU.Build.0 = Release|Any CPU
		{93498249-F5ED-49FC-8186-F4939671E493}.Debug|Any CPU.ActiveCfg = Debug|Any CPU
		{93498249-F5ED-49FC-8186-F4939671E493}.Debug|Any CPU.Build.0 = Debug|Any CPU
		{93498249-F5ED-49FC-8186-F4939671E493}.Release|Any CPU.ActiveCfg = Release|Any CPU
		{93498249-F5ED-49FC-8186-F4939671E493}.Release|Any CPU.Build.0 = Release|Any CPU
		{6F518099-1E67-40FB-B47C-A39772D344CD}.Debug|Any CPU.ActiveCfg = Debug|Any CPU
		{6F518099-1E67-40FB-B47C-A39772D344CD}.Debug|Any CPU.Build.0 = Debug|Any CPU
		{6F518099-1E67-40FB-B47C-A39772D344CD}.Release|Any CPU.ActiveCfg = Release|Any CPU
		{6F518099-1E67-40FB-B47C-A39772D344CD}.Release|Any CPU.Build.0 = Release|Any CPU
		{25266AB1-CB10-4729-A617-C3869EF2EFC6}.Debug|Any CPU.ActiveCfg = Debug|Any CPU
		{25266AB1-CB10-4729-A617-C3869EF2EFC6}.Debug|Any CPU.Build.0 = Debug|Any CPU
		{25266AB1-CB10-4729-A617-C3869EF2EFC6}.Release|Any CPU.ActiveCfg = Release|Any CPU
		{25266AB1-CB10-4729-A617-C3869EF2EFC6}.Release|Any CPU.Build.0 = Release|Any CPU
		{599B0AF0-93D3-452C-9722-9D51F7A28206}.Debug|Any CPU.ActiveCfg = Debug|Any CPU
		{599B0AF0-93D3-452C-9722-9D51F7A28206}.Debug|Any CPU.Build.0 = Debug|Any CPU
		{599B0AF0-93D3-452C-9722-9D51F7A28206}.Release|Any CPU.ActiveCfg = Release|Any CPU
		{599B0AF0-93D3-452C-9722-9D51F7A28206}.Release|Any CPU.Build.0 = Release|Any CPU
		{C95C7D91-4909-41FB-A985-BDE0C5C4C4C9}.Debug|Any CPU.ActiveCfg = Debug|Any CPU
		{C95C7D91-4909-41FB-A985-BDE0C5C4C4C9}.Debug|Any CPU.Build.0 = Debug|Any CPU
		{C95C7D91-4909-41FB-A985-BDE0C5C4C4C9}.Release|Any CPU.ActiveCfg = Release|Any CPU
		{C95C7D91-4909-41FB-A985-BDE0C5C4C4C9}.Release|Any CPU.Build.0 = Release|Any CPU
		{4583524B-9B70-47C5-9681-04F50104A509}.Debug|Any CPU.ActiveCfg = Debug|Any CPU
		{4583524B-9B70-47C5-9681-04F50104A509}.Debug|Any CPU.Build.0 = Debug|Any CPU
		{4583524B-9B70-47C5-9681-04F50104A509}.Release|Any CPU.ActiveCfg = Release|Any CPU
		{4583524B-9B70-47C5-9681-04F50104A509}.Release|Any CPU.Build.0 = Release|Any CPU
		{743C5578-955A-4D2E-94F2-3DC647076F24}.Debug|Any CPU.ActiveCfg = Debug|Any CPU
		{743C5578-955A-4D2E-94F2-3DC647076F24}.Debug|Any CPU.Build.0 = Debug|Any CPU
		{743C5578-955A-4D2E-94F2-3DC647076F24}.Release|Any CPU.ActiveCfg = Release|Any CPU
		{743C5578-955A-4D2E-94F2-3DC647076F24}.Release|Any CPU.Build.0 = Release|Any CPU
	EndGlobalSection
	GlobalSection(NestedProjects) = preSolution
		{BDB1917D-86E0-4F44-AC27-1D9D3053C494} = {CF904D1F-CDE6-46FF-B4DD-3785FCD49C74}
		{93498249-F5ED-49FC-8186-F4939671E493} = {CF904D1F-CDE6-46FF-B4DD-3785FCD49C74}
		{6F518099-1E67-40FB-B47C-A39772D344CD} = {CF904D1F-CDE6-46FF-B4DD-3785FCD49C74}
		{25266AB1-CB10-4729-A617-C3869EF2EFC6} = {72BA39F1-0DCD-4772-A10F-45699AA785AD}
		{599B0AF0-93D3-452C-9722-9D51F7A28206} = {72BA39F1-0DCD-4772-A10F-45699AA785AD}
		{C95C7D91-4909-41FB-A985-BDE0C5C4C4C9} = {72BA39F1-0DCD-4772-A10F-45699AA785AD}
		{4583524B-9B70-47C5-9681-04F50104A509} = {72BA39F1-0DCD-4772-A10F-45699AA785AD}
		{743C5578-955A-4D2E-94F2-3DC647076F24} = {72BA39F1-0DCD-4772-A10F-45699AA785AD}
	EndGlobalSection
EndGlobal
